{
  "name": "questrade-google-apps-script",
  "version": "0.0.2",
  "lockfileVersion": 1,
  "requires": true,
  "dependencies": {
    "@types/google-apps-script": {
      "version": "0.0.32",
      "resolved": "https://registry.npmjs.org/@types/google-apps-script/-/google-apps-script-0.0.32.tgz",
      "integrity": "sha512-za4/vCLMvDo2pG8S7vLQXwX7KtOkNk8vT/jPnNQTHFl03Y7aHd0jnL+eOHK8lYN2XIEtfhkv/5D1HgNbTCoaGg==",
      "dev": true
    },
    "typescript": {
      "version": "3.4.3",
      "resolved": "https://registry.npmjs.org/typescript/-/typescript-3.4.3.tgz",
      "integrity": "sha512-FFgHdPt4T/duxx6Ndf7hwgMZZjZpB+U0nMNGVCYPq0rEzWKjEDobm4J6yb3CS7naZ0yURFqdw9Gwc7UOh/P9oQ==",
      "dev": true
    }
  }
}
